
Microsoft Visual Studio Solution File, Format Version 12.00
# Visual Studio Version 16
VisualStudioVersion = 16.6.30114.105
MinimumVisualStudioVersion = 10.0.40219.1
Project("{2150E333-8FDC-42A3-9474-1A3956D46DE8}") = "EventGrid", "EventGrid", "{C426AE94-F4B0-4729-BBF6-BC508F99BBBA}"
EndProject
Project("{FAE04EC0-301F-11D3-BF4B-00C04F79EFBC}") = "CustomEventTopicSender", "EventGrid\CustomEventTopicSender\CustomEventTopicSender.csproj", "{0D1E3A41-7D9F-45FA-A788-67E4A6BC1FF9}"
EndProject
Project("{2150E333-8FDC-42A3-9474-1A3956D46DE8}") = "QueueStorage", "QueueStorage", "{0B77ED6D-EACF-43BA-9D7E-42F04E07FC4B}"
EndProject
Project("{FAE04EC0-301F-11D3-BF4B-00C04F79EFBC}") = "QueueMessageReceiver", "QueueStorage\QueueMessageReceiver\QueueMessageReceiver.csproj", "{B0634D8C-5EC0-4915-A91C-B4B4F290B0B1}"
EndProject
Project("{FAE04EC0-301F-11D3-BF4B-00C04F79EFBC}") = "QueueMessageSender", "QueueStorage\QueueMessageSender\QueueMessageSender.csproj", "{A64A963C-C5AC-490E-8CB5-88D8902D5B85}"
EndProject
Project("{2150E333-8FDC-42A3-9474-1A3956D46DE8}") = "ServiceBus", "ServiceBus", "{99F128C5-62C7-4798-AF56-3AEC8EDF7D02}"
EndProject
Project("{FAE04EC0-301F-11D3-BF4B-00C04F79EFBC}") = "DeadLetterQueueMessageReceiver", "ServiceBus\DeadLetterQueueMessageReceiver\DeadLetterQueueMessageReceiver.csproj", "{A1EAA81A-641C-4C22-A18F-BCF215DDBCE3}"
EndProject
Project("{FAE04EC0-301F-11D3-BF4B-00C04F79EFBC}") = "QueueMessageReceiver", "ServiceBus\QueueMessageReceiver\QueueMessageReceiver.csproj", "{1741E8FA-19A8-48A3-97B7-ADAD0F622C8D}"
EndProject
Project("{FAE04EC0-301F-11D3-BF4B-00C04F79EFBC}") = "QueueMessageSender", "ServiceBus\QueueMessageSender\QueueMessageSender.csproj", "{2E547097-02DC-473F-9CB7-2CDEB694C7BF}"
EndProject
Project("{FAE04EC0-301F-11D3-BF4B-00C04F79EFBC}") = "TopicMessageReceiver", "ServiceBus\TopicMessageReceiver\TopicMessageReceiver.csproj", "{F5C8E24C-FF43-4833-BD21-6B88EC43BE9B}"
EndProject
Project("{FAE04EC0-301F-11D3-BF4B-00C04F79EFBC}") = "TopicMessageSender", "ServiceBus\TopicMessageSender\TopicMessageSender.csproj", "{AB21F192-6693-430B-836C-48D3F2B1FE12}"
EndProject
Project("{2150E333-8FDC-42A3-9474-1A3956D46DE8}") = "EventHubs", "EventHubs", "{947F4CCE-5A1E-4D5F-8E0D-8AC2741CC2DF}"
EndProject
Project("{FAE04EC0-301F-11D3-BF4B-00C04F79EFBC}") = "EventSender", "EventHubs\EventSender\EventSender.csproj", "{8B739C00-A460-4FF8-A459-A477FD776220}"
EndProject
Project("{FAE04EC0-301F-11D3-BF4B-00C04F79EFBC}") = "EventReceiver", "EventHubs\EventReceiver\EventReceiver.csproj", "{A3A483F2-CD0E-490B-B587-C65203A63334}"
EndProject
Project("{FAE04EC0-301F-11D3-BF4B-00C04F79EFBC}") = "OnePartitionEventSender", "EventHubs\OnePartitionEventSender\OnePartitionEventSender.csproj", "{70783169-FB48-437A-81FE-BF9C3A058DB7}"
EndProject
Project("{FAE04EC0-301F-11D3-BF4B-00C04F79EFBC}") = "OnePartitionEventReceiver", "EventHubs\OnePartitionEventReceiver\OnePartitionEventReceiver.csproj", "{F3DC3368-E73C-41D6-BA3A-B6071BD177DF}"
EndProject
Project("{FAE04EC0-301F-11D3-BF4B-00C04F79EFBC}") = "OffsetEventReceiver", "EventHubs\OffsetEventReceiver\OffsetEventReceiver.csproj", "{E42D74F3-8A83-4777-BE67-BE52F26FB5C8}"
EndProject
Global
	GlobalSection(SolutionConfigurationPlatforms) = preSolution
		Debug|Any CPU = Debug|Any CPU
		Debug|x64 = Debug|x64
		Debug|x86 = Debug|x86
		Release|Any CPU = Release|Any CPU
		Release|x64 = Release|x64
		Release|x86 = Release|x86
	EndGlobalSection
	GlobalSection(SolutionProperties) = preSolution
		HideSolutionNode = FALSE
	EndGlobalSection
	GlobalSection(ProjectConfigurationPlatforms) = postSolution
		{0D1E3A41-7D9F-45FA-A788-67E4A6BC1FF9}.Debug|Any CPU.ActiveCfg = Debug|Any CPU
		{0D1E3A41-7D9F-45FA-A788-67E4A6BC1FF9}.Debug|Any CPU.Build.0 = Debug|Any CPU
		{0D1E3A41-7D9F-45FA-A788-67E4A6BC1FF9}.Debug|x64.ActiveCfg = Debug|Any CPU
		{0D1E3A41-7D9F-45FA-A788-67E4A6BC1FF9}.Debug|x64.Build.0 = Debug|Any CPU
		{0D1E3A41-7D9F-45FA-A788-67E4A6BC1FF9}.Debug|x86.ActiveCfg = Debug|Any CPU
		{0D1E3A41-7D9F-45FA-A788-67E4A6BC1FF9}.Debug|x86.Build.0 = Debug|Any CPU
		{0D1E3A41-7D9F-45FA-A788-67E4A6BC1FF9}.Release|Any CPU.ActiveCfg = Release|Any CPU
		{0D1E3A41-7D9F-45FA-A788-67E4A6BC1FF9}.Release|Any CPU.Build.0 = Release|Any CPU
		{0D1E3A41-7D9F-45FA-A788-67E4A6BC1FF9}.Release|x64.ActiveCfg = Release|Any CPU
		{0D1E3A41-7D9F-45FA-A788-67E4A6BC1FF9}.Release|x64.Build.0 = Release|Any CPU
		{0D1E3A41-7D9F-45FA-A788-67E4A6BC1FF9}.Release|x86.ActiveCfg = Release|Any CPU
		{0D1E3A41-7D9F-45FA-A788-67E4A6BC1FF9}.Release|x86.Build.0 = Release|Any CPU
		{B0634D8C-5EC0-4915-A91C-B4B4F290B0B1}.Debug|Any CPU.ActiveCfg = Debug|Any CPU
		{B0634D8C-5EC0-4915-A91C-B4B4F290B0B1}.Debug|Any CPU.Build.0 = Debug|Any CPU
		{B0634D8C-5EC0-4915-A91C-B4B4F290B0B1}.Debug|x64.ActiveCfg = Debug|Any CPU
		{B0634D8C-5EC0-4915-A91C-B4B4F290B0B1}.Debug|x64.Build.0 = Debug|Any CPU
		{B0634D8C-5EC0-4915-A91C-B4B4F290B0B1}.Debug|x86.ActiveCfg = Debug|Any CPU
		{B0634D8C-5EC0-4915-A91C-B4B4F290B0B1}.Debug|x86.Build.0 = Debug|Any CPU
		{B0634D8C-5EC0-4915-A91C-B4B4F290B0B1}.Release|Any CPU.ActiveCfg = Release|Any CPU
		{B0634D8C-5EC0-4915-A91C-B4B4F290B0B1}.Release|Any CPU.Build.0 = Release|Any CPU
		{B0634D8C-5EC0-4915-A91C-B4B4F290B0B1}.Release|x64.ActiveCfg = Release|Any CPU
		{B0634D8C-5EC0-4915-A91C-B4B4F290B0B1}.Release|x64.Build.0 = Release|Any CPU
		{B0634D8C-5EC0-4915-A91C-B4B4F290B0B1}.Release|x86.ActiveCfg = Release|Any CPU
		{B0634D8C-5EC0-4915-A91C-B4B4F290B0B1}.Release|x86.Build.0 = Release|Any CPU
		{A64A963C-C5AC-490E-8CB5-88D8902D5B85}.Debug|Any CPU.ActiveCfg = Debug|Any CPU
		{A64A963C-C5AC-490E-8CB5-88D8902D5B85}.Debug|Any CPU.Build.0 = Debug|Any CPU
		{A64A963C-C5AC-490E-8CB5-88D8902D5B85}.Debug|x64.ActiveCfg = Debug|Any CPU
		{A64A963C-C5AC-490E-8CB5-88D8902D5B85}.Debug|x64.Build.0 = Debug|Any CPU
		{A64A963C-C5AC-490E-8CB5-88D8902D5B85}.Debug|x86.ActiveCfg = Debug|Any CPU
		{A64A963C-C5AC-490E-8CB5-88D8902D5B85}.Debug|x86.Build.0 = Debug|Any CPU
		{A64A963C-C5AC-490E-8CB5-88D8902D5B85}.Release|Any CPU.ActiveCfg = Release|Any CPU
		{A64A963C-C5AC-490E-8CB5-88D8902D5B85}.Release|Any CPU.Build.0 = Release|Any CPU
		{A64A963C-C5AC-490E-8CB5-88D8902D5B85}.Release|x64.ActiveCfg = Release|Any CPU
		{A64A963C-C5AC-490E-8CB5-88D8902D5B85}.Release|x64.Build.0 = Release|Any CPU
		{A64A963C-C5AC-490E-8CB5-88D8902D5B85}.Release|x86.ActiveCfg = Release|Any CPU
		{A64A963C-C5AC-490E-8CB5-88D8902D5B85}.Release|x86.Build.0 = Release|Any CPU
		{A1EAA81A-641C-4C22-A18F-BCF215DDBCE3}.Debug|Any CPU.ActiveCfg = Debug|Any CPU
		{A1EAA81A-641C-4C22-A18F-BCF215DDBCE3}.Debug|Any CPU.Build.0 = Debug|Any CPU
		{A1EAA81A-641C-4C22-A18F-BCF215DDBCE3}.Debug|x64.ActiveCfg = Debug|Any CPU
		{A1EAA81A-641C-4C22-A18F-BCF215DDBCE3}.Debug|x64.Build.0 = Debug|Any CPU
		{A1EAA81A-641C-4C22-A18F-BCF215DDBCE3}.Debug|x86.ActiveCfg = Debug|Any CPU
		{A1EAA81A-641C-4C22-A18F-BCF215DDBCE3}.Debug|x86.Build.0 = Debug|Any CPU
		{A1EAA81A-641C-4C22-A18F-BCF215DDBCE3}.Release|Any CPU.ActiveCfg = Release|Any CPU
		{A1EAA81A-641C-4C22-A18F-BCF215DDBCE3}.Release|Any CPU.Build.0 = Release|Any CPU
		{A1EAA81A-641C-4C22-A18F-BCF215DDBCE3}.Release|x64.ActiveCfg = Release|Any CPU
		{A1EAA81A-641C-4C22-A18F-BCF215DDBCE3}.Release|x64.Build.0 = Release|Any CPU
		{A1EAA81A-641C-4C22-A18F-BCF215DDBCE3}.Release|x86.ActiveCfg = Release|Any CPU
		{A1EAA81A-641C-4C22-A18F-BCF215DDBCE3}.Release|x86.Build.0 = Release|Any CPU
		{1741E8FA-19A8-48A3-97B7-ADAD0F622C8D}.Debug|Any CPU.ActiveCfg = Debug|Any CPU
		{1741E8FA-19A8-48A3-97B7-ADAD0F622C8D}.Debug|Any CPU.Build.0 = Debug|Any CPU
		{1741E8FA-19A8-48A3-97B7-ADAD0F622C8D}.Debug|x64.ActiveCfg = Debug|Any CPU
		{1741E8FA-19A8-48A3-97B7-ADAD0F622C8D}.Debug|x64.Build.0 = Debug|Any CPU
		{1741E8FA-19A8-48A3-97B7-ADAD0F622C8D}.Debug|x86.ActiveCfg = Debug|Any CPU
		{1741E8FA-19A8-48A3-97B7-ADAD0F622C8D}.Debug|x86.Build.0 = Debug|Any CPU
		{1741E8FA-19A8-48A3-97B7-ADAD0F622C8D}.Release|Any CPU.ActiveCfg = Release|Any CPU
		{1741E8FA-19A8-48A3-97B7-ADAD0F622C8D}.Release|Any CPU.Build.0 = Release|Any CPU
		{1741E8FA-19A8-48A3-97B7-ADAD0F622C8D}.Release|x64.ActiveCfg = Release|Any CPU
		{1741E8FA-19A8-48A3-97B7-ADAD0F622C8D}.Release|x64.Build.0 = Release|Any CPU
		{1741E8FA-19A8-48A3-97B7-ADAD0F622C8D}.Release|x86.ActiveCfg = Release|Any CPU
		{1741E8FA-19A8-48A3-97B7-ADAD0F622C8D}.Release|x86.Build.0 = Release|Any CPU
		{2E547097-02DC-473F-9CB7-2CDEB694C7BF}.Debug|Any CPU.ActiveCfg = Debug|Any CPU
		{2E547097-02DC-473F-9CB7-2CDEB694C7BF}.Debug|Any CPU.Build.0 = Debug|Any CPU
		{2E547097-02DC-473F-9CB7-2CDEB694C7BF}.Debug|x64.ActiveCfg = Debug|Any CPU
		{2E547097-02DC-473F-9CB7-2CDEB694C7BF}.Debug|x64.Build.0 = Debug|Any CPU
		{2E547097-02DC-473F-9CB7-2CDEB694C7BF}.Debug|x86.ActiveCfg = Debug|Any CPU
		{2E547097-02DC-473F-9CB7-2CDEB694C7BF}.Debug|x86.Build.0 = Debug|Any CPU
		{2E547097-02DC-473F-9CB7-2CDEB694C7BF}.Release|Any CPU.ActiveCfg = Release|Any CPU
		{2E547097-02DC-473F-9CB7-2CDEB694C7BF}.Release|Any CPU.Build.0 = Release|Any CPU
		{2E547097-02DC-473F-9CB7-2CDEB694C7BF}.Release|x64.ActiveCfg = Release|Any CPU
		{2E547097-02DC-473F-9CB7-2CDEB694C7BF}.Release|x64.Build.0 = Release|Any CPU
		{2E547097-02DC-473F-9CB7-2CDEB694C7BF}.Release|x86.ActiveCfg = Release|Any CPU
		{2E547097-02DC-473F-9CB7-2CDEB694C7BF}.Release|x86.Build.0 = Release|Any CPU
		{F5C8E24C-FF43-4833-BD21-6B88EC43BE9B}.Debug|Any CPU.ActiveCfg = Debug|Any CPU
		{F5C8E24C-FF43-4833-BD21-6B88EC43BE9B}.Debug|Any CPU.Build.0 = Debug|Any CPU
		{F5C8E24C-FF43-4833-BD21-6B88EC43BE9B}.Debug|x64.ActiveCfg = Debug|Any CPU
		{F5C8E24C-FF43-4833-BD21-6B88EC43BE9B}.Debug|x64.Build.0 = Debug|Any CPU
		{F5C8E24C-FF43-4833-BD21-6B88EC43BE9B}.Debug|x86.ActiveCfg = Debug|Any CPU
		{F5C8E24C-FF43-4833-BD21-6B88EC43BE9B}.Debug|x86.Build.0 = Debug|Any CPU
		{F5C8E24C-FF43-4833-BD21-6B88EC43BE9B}.Release|Any CPU.ActiveCfg = Release|Any CPU
		{F5C8E24C-FF43-4833-BD21-6B88EC43BE9B}.Release|Any CPU.Build.0 = Release|Any CPU
		{F5C8E24C-FF43-4833-BD21-6B88EC43BE9B}.Release|x64.ActiveCfg = Release|Any CPU
		{F5C8E24C-FF43-4833-BD21-6B88EC43BE9B}.Release|x64.Build.0 = Release|Any CPU
		{F5C8E24C-FF43-4833-BD21-6B88EC43BE9B}.Release|x86.ActiveCfg = Release|Any CPU
		{F5C8E24C-FF43-4833-BD21-6B88EC43BE9B}.Release|x86.Build.0 = Release|Any CPU
		{AB21F192-6693-430B-836C-48D3F2B1FE12}.Debug|Any CPU.ActiveCfg = Debug|Any CPU
		{AB21F192-6693-430B-836C-48D3F2B1FE12}.Debug|Any CPU.Build.0 = Debug|Any CPU
		{AB21F192-6693-430B-836C-48D3F2B1FE12}.Debug|x64.ActiveCfg = Debug|Any CPU
		{AB21F192-6693-430B-836C-48D3F2B1FE12}.Debug|x64.Build.0 = Debug|Any CPU
		{AB21F192-6693-430B-836C-48D3F2B1FE12}.Debug|x86.ActiveCfg = Debug|Any CPU
		{AB21F192-6693-430B-836C-48D3F2B1FE12}.Debug|x86.Build.0 = Debug|Any CPU
		{AB21F192-6693-430B-836C-48D3F2B1FE12}.Release|Any CPU.ActiveCfg = Release|Any CPU
		{AB21F192-6693-430B-836C-48D3F2B1FE12}.Release|Any CPU.Build.0 = Release|Any CPU
		{AB21F192-6693-430B-836C-48D3F2B1FE12}.Release|x64.ActiveCfg = Release|Any CPU
		{AB21F192-6693-430B-836C-48D3F2B1FE12}.Release|x64.Build.0 = Release|Any CPU
		{AB21F192-6693-430B-836C-48D3F2B1FE12}.Release|x86.ActiveCfg = Release|Any CPU
		{AB21F192-6693-430B-836C-48D3F2B1FE12}.Release|x86.Build.0 = Release|Any CPU
		{8B739C00-A460-4FF8-A459-A477FD776220}.Debug|Any CPU.ActiveCfg = Debug|Any CPU
		{8B739C00-A460-4FF8-A459-A477FD776220}.Debug|Any CPU.Build.0 = Debug|Any CPU
		{8B739C00-A460-4FF8-A459-A477FD776220}.Debug|x64.ActiveCfg = Debug|Any CPU
		{8B739C00-A460-4FF8-A459-A477FD776220}.Debug|x64.Build.0 = Debug|Any CPU
		{8B739C00-A460-4FF8-A459-A477FD776220}.Debug|x86.ActiveCfg = Debug|Any CPU
		{8B739C00-A460-4FF8-A459-A477FD776220}.Debug|x86.Build.0 = Debug|Any CPU
		{8B739C00-A460-4FF8-A459-A477FD776220}.Release|Any CPU.ActiveCfg = Release|Any CPU
		{8B739C00-A460-4FF8-A459-A477FD776220}.Release|Any CPU.Build.0 = Release|Any CPU
		{8B739C00-A460-4FF8-A459-A477FD776220}.Release|x64.ActiveCfg = Release|Any CPU
		{8B739C00-A460-4FF8-A459-A477FD776220}.Release|x64.Build.0 = Release|Any CPU
		{8B739C00-A460-4FF8-A459-A477FD776220}.Release|x86.ActiveCfg = Release|Any CPU
		{8B739C00-A460-4FF8-A459-A477FD776220}.Release|x86.Build.0 = Release|Any CPU
		{A3A483F2-CD0E-490B-B587-C65203A63334}.Debug|Any CPU.ActiveCfg = Debug|Any CPU
		{A3A483F2-CD0E-490B-B587-C65203A63334}.Debug|Any CPU.Build.0 = Debug|Any CPU
		{A3A483F2-CD0E-490B-B587-C65203A63334}.Debug|x64.ActiveCfg = Debug|Any CPU
		{A3A483F2-CD0E-490B-B587-C65203A63334}.Debug|x64.Build.0 = Debug|Any CPU
		{A3A483F2-CD0E-490B-B587-C65203A63334}.Debug|x86.ActiveCfg = Debug|Any CPU
		{A3A483F2-CD0E-490B-B587-C65203A63334}.Debug|x86.Build.0 = Debug|Any CPU
		{A3A483F2-CD0E-490B-B587-C65203A63334}.Release|Any CPU.ActiveCfg = Release|Any CPU
		{A3A483F2-CD0E-490B-B587-C65203A63334}.Release|Any CPU.Build.0 = Release|Any CPU
		{A3A483F2-CD0E-490B-B587-C65203A63334}.Release|x64.ActiveCfg = Release|Any CPU
		{A3A483F2-CD0E-490B-B587-C65203A63334}.Release|x64.Build.0 = Release|Any CPU
		{A3A483F2-CD0E-490B-B587-C65203A63334}.Release|x86.ActiveCfg = Release|Any CPU
		{A3A483F2-CD0E-490B-B587-C65203A63334}.Release|x86.Build.0 = Release|Any CPU
		{70783169-FB48-437A-81FE-BF9C3A058DB7}.Debug|Any CPU.ActiveCfg = Debug|Any CPU
		{70783169-FB48-437A-81FE-BF9C3A058DB7}.Debug|Any CPU.Build.0 = Debug|Any CPU
		{70783169-FB48-437A-81FE-BF9C3A058DB7}.Debug|x64.ActiveCfg = Debug|Any CPU
		{70783169-FB48-437A-81FE-BF9C3A058DB7}.Debug|x64.Build.0 = Debug|Any CPU
		{70783169-FB48-437A-81FE-BF9C3A058DB7}.Debug|x86.ActiveCfg = Debug|Any CPU
		{70783169-FB48-437A-81FE-BF9C3A058DB7}.Debug|x86.Build.0 = Debug|Any CPU
		{70783169-FB48-437A-81FE-BF9C3A058DB7}.Release|Any CPU.ActiveCfg = Release|Any CPU
		{70783169-FB48-437A-81FE-BF9C3A058DB7}.Release|Any CPU.Build.0 = Release|Any CPU
		{70783169-FB48-437A-81FE-BF9C3A058DB7}.Release|x64.ActiveCfg = Release|Any CPU
		{70783169-FB48-437A-81FE-BF9C3A058DB7}.Release|x64.Build.0 = Release|Any CPU
		{70783169-FB48-437A-81FE-BF9C3A058DB7}.Release|x86.ActiveCfg = Release|Any CPU
		{70783169-FB48-437A-81FE-BF9C3A058DB7}.Release|x86.Build.0 = Release|Any CPU
		{F3DC3368-E73C-41D6-BA3A-B6071BD177DF}.Debug|Any CPU.ActiveCfg = Debug|Any CPU
		{F3DC3368-E73C-41D6-BA3A-B6071BD177DF}.Debug|Any CPU.Build.0 = Debug|Any CPU
		{F3DC3368-E73C-41D6-BA3A-B6071BD177DF}.Debug|x64.ActiveCfg = Debug|Any CPU
		{F3DC3368-E73C-41D6-BA3A-B6071BD177DF}.Debug|x64.Build.0 = Debug|Any CPU
		{F3DC3368-E73C-41D6-BA3A-B6071BD177DF}.Debug|x86.ActiveCfg = Debug|Any CPU
		{F3DC3368-E73C-41D6-BA3A-B6071BD177DF}.Debug|x86.Build.0 = Debug|Any CPU
		{F3DC3368-E73C-41D6-BA3A-B6071BD177DF}.Release|Any CPU.ActiveCfg = Release|Any CPU
		{F3DC3368-E73C-41D6-BA3A-B6071BD177DF}.Release|Any CPU.Build.0 = Release|Any CPU
		{F3DC3368-E73C-41D6-BA3A-B6071BD177DF}.Release|x64.ActiveCfg = Release|Any CPU
		{F3DC3368-E73C-41D6-BA3A-B6071BD177DF}.Release|x64.Build.0 = Release|Any CPU
		{F3DC3368-E73C-41D6-BA3A-B6071BD177DF}.Release|x86.ActiveCfg = Release|Any CPU
		{F3DC3368-E73C-41D6-BA3A-B6071BD177DF}.Release|x86.Build.0 = Release|Any CPU
		{E42D74F3-8A83-4777-BE67-BE52F26FB5C8}.Debug|Any CPU.ActiveCfg = Debug|Any CPU
		{E42D74F3-8A83-4777-BE67-BE52F26FB5C8}.Debug|Any CPU.Build.0 = Debug|Any CPU
		{E42D74F3-8A83-4777-BE67-BE52F26FB5C8}.Debug|x64.ActiveCfg = Debug|Any CPU
		{E42D74F3-8A83-4777-BE67-BE52F26FB5C8}.Debug|x64.Build.0 = Debug|Any CPU
		{E42D74F3-8A83-4777-BE67-BE52F26FB5C8}.Debug|x86.ActiveCfg = Debug|Any CPU
		{E42D74F3-8A83-4777-BE67-BE52F26FB5C8}.Debug|x86.Build.0 = Debug|Any CPU
		{E42D74F3-8A83-4777-BE67-BE52F26FB5C8}.Release|Any CPU.ActiveCfg = Release|Any CPU
		{E42D74F3-8A83-4777-BE67-BE52F26FB5C8}.Release|Any CPU.Build.0 = Release|Any CPU
		{E42D74F3-8A83-4777-BE67-BE52F26FB5C8}.Release|x64.ActiveCfg = Release|Any CPU
		{E42D74F3-8A83-4777-BE67-BE52F26FB5C8}.Release|x64.Build.0 = Release|Any CPU
		{E42D74F3-8A83-4777-BE67-BE52F26FB5C8}.Release|x86.ActiveCfg = Release|Any CPU
		{E42D74F3-8A83-4777-BE67-BE52F26FB5C8}.Release|x86.Build.0 = Release|Any CPU
	EndGlobalSection
	GlobalSection(NestedProjects) = preSolution
		{0D1E3A41-7D9F-45FA-A788-67E4A6BC1FF9} = {C426AE94-F4B0-4729-BBF6-BC508F99BBBA}
		{B0634D8C-5EC0-4915-A91C-B4B4F290B0B1} = {0B77ED6D-EACF-43BA-9D7E-42F04E07FC4B}
		{A64A963C-C5AC-490E-8CB5-88D8902D5B85} = {0B77ED6D-EACF-43BA-9D7E-42F04E07FC4B}
		{A1EAA81A-641C-4C22-A18F-BCF215DDBCE3} = {99F128C5-62C7-4798-AF56-3AEC8EDF7D02}
		{1741E8FA-19A8-48A3-97B7-ADAD0F622C8D} = {99F128C5-62C7-4798-AF56-3AEC8EDF7D02}
		{2E547097-02DC-473F-9CB7-2CDEB694C7BF} = {99F128C5-62C7-4798-AF56-3AEC8EDF7D02}
		{F5C8E24C-FF43-4833-BD21-6B88EC43BE9B} = {99F128C5-62C7-4798-AF56-3AEC8EDF7D02}
		{AB21F192-6693-430B-836C-48D3F2B1FE12} = {99F128C5-62C7-4798-AF56-3AEC8EDF7D02}
		{8B739C00-A460-4FF8-A459-A477FD776220} = {947F4CCE-5A1E-4D5F-8E0D-8AC2741CC2DF}
		{A3A483F2-CD0E-490B-B587-C65203A63334} = {947F4CCE-5A1E-4D5F-8E0D-8AC2741CC2DF}
		{70783169-FB48-437A-81FE-BF9C3A058DB7} = {947F4CCE-5A1E-4D5F-8E0D-8AC2741CC2DF}
		{F3DC3368-E73C-41D6-BA3A-B6071BD177DF} = {947F4CCE-5A1E-4D5F-8E0D-8AC2741CC2DF}
		{E42D74F3-8A83-4777-BE67-BE52F26FB5C8} = {947F4CCE-5A1E-4D5F-8E0D-8AC2741CC2DF}
	EndGlobalSection
EndGlobal
